<Solution>
  <Project Path="Assembly-CSharp.csproj" />
  <Project Path="spine-unity-examples.csproj" />
  <Project Path="CodeStage.Maintainer.Editor.csproj" />
  <Project Path="Assembly-CSharp-Editor.csproj" />
  <Project Path="spine-unity-editor.csproj" />
  <Project Path="spine-csharp.csproj" />
  <Project Path="Assembly-CSharp-Editor-firstpass.csproj" />
  <Project Path="spine-unity.csproj" />
  <Project Path="Assembly-CSharp-firstpass.csproj" />
  <Project Path="NKStudio.CustomEditor.Editor.csproj" />
  <Project Path="spine-unity-examples-editor.csproj" />
  <Project Path="Elringus.SpriteGlow.Runtime.csproj" />
  <Project Path="Wingman.csproj" />
  <Project Path="CodeStage.Maintainer.Demo.csproj" />
  <Project Path="CodeStage.Maintainer.Demo.Editor.csproj" />
</Solution>
